
Microsoft Visual Studio Solution File, Format Version 12.00
# Visual Studio Version 17
VisualStudioVersion = 17.5.33414.496
MinimumVisualStudioVersion = 10.0.40219.1
Project("{FAE04EC0-301F-11D3-BF4B-00C04F79EFBC}") = "Server", "Server\Server.csproj", "{CAA14C26-5E39-45B4-995F-ADAEC6609627}"
EndProject
Project("{FAE04EC0-301F-11D3-BF4B-00C04F79EFBC}") = "Client", "Client\Client.csproj", "{538B6FAA-131C-4748-B6FC-ED9CEA6C5F7A}"
EndProject
Global
	GlobalSection(SolutionConfigurationPlatforms) = preSolution
		Debug|Any CPU = Debug|Any CPU
		Release|Any CPU = Release|Any CPU
	EndGlobalSection
	GlobalSection(ProjectConfigurationPlatforms) = postSolution
		{CAA14C26-5E39-45B4-995F-ADAEC6609627}.Debug|Any CPU.ActiveCfg = Debug|Any CPU
		{CAA14C26-5E39-45B4-995F-ADAEC6609627}.Debug|Any CPU.Build.0 = Debug|Any CPU
		{CAA14C26-5E39-45B4-995F-ADAEC6609627}.Release|Any CPU.ActiveCfg = Release|Any CPU
		{CAA14C26-5E39-45B4-995F-ADAEC6609627}.Release|Any CPU.Build.0 = Release|Any CPU
		{538B6FAA-131C-4748-B6FC-ED9CEA6C5F7A}.Debug|Any CPU.ActiveCfg = Debug|Any CPU
		{538B6FAA-131C-4748-B6FC-ED9CEA6C5F7A}.Debug|Any CPU.Build.0 = Debug|Any CPU
		{538B6FAA-131C-4748-B6FC-ED9CEA6C5F7A}.Release|Any CPU.ActiveCfg = Release|Any CPU
		{538B6FAA-131C-4748-B6FC-ED9CEA6C5F7A}.Release|Any CPU.Build.0 = Release|Any CPU
	EndGlobalSection
	GlobalSection(SolutionProperties) = preSolution
		HideSolutionNode = FALSE
	EndGlobalSection
	GlobalSection(ExtensibilityGlobals) = postSolution
		SolutionGuid = {48C87652-C134-4991-A1FE-ED86B3AAABB7}
	EndGlobalSection
EndGlobal
